
Microsoft Visual Studio Solution File, Format Version 12.00
# Visual Studio Version 17
VisualStudioVersion = 17.13.35931.197
MinimumVisualStudioVersion = 10.0.40219.1
Project("{FAE04EC0-301F-11D3-BF4B-00C04F79EFBC}") = "AdacaProduct.API", "AdacaProduct.API\AdacaProduct.API.csproj", "{E4664C7D-4D15-44B5-9DF9-ECB4C477D337}"
EndProject
Project("{FAE04EC0-301F-11D3-BF4B-00C04F79EFBC}") = "AdacaProduct.Model", "AdacaProduct.Model\AdacaProduct.Model.csproj", "{6D30F949-E6C1-46BD-B7CC-5D494D483055}"
EndProject
Project("{FAE04EC0-301F-11D3-BF4B-00C04F79EFBC}") = "AdacaProduct.Service", "AdacaProduct.Service\AdacaProduct.Service.csproj", "{EF597DDD-1AB7-458F-8991-BA8E623E8AF0}"
EndProject
Project("{FAE04EC0-301F-11D3-BF4B-00C04F79EFBC}") = "AdacaProduct.Tests", "AdacaProduct.Tests\AdacaProduct.Tests.csproj", "{F46D49EF-B1E6-E977-08AD-33C409F65F07}"
EndProject
Global
	GlobalSection(SolutionConfigurationPlatforms) = preSolution
		Debug|Any CPU = Debug|Any CPU
		Release|Any CPU = Release|Any CPU
	EndGlobalSection
	GlobalSection(ProjectConfigurationPlatforms) = postSolution
		{E4664C7D-4D15-44B5-9DF9-ECB4C477D337}.Debug|Any CPU.ActiveCfg = Debug|Any CPU
		{E4664C7D-4D15-44B5-9DF9-ECB4C477D337}.Debug|Any CPU.Build.0 = Debug|Any CPU
		{E4664C7D-4D15-44B5-9DF9-ECB4C477D337}.Release|Any CPU.ActiveCfg = Release|Any CPU
		{E4664C7D-4D15-44B5-9DF9-ECB4C477D337}.Release|Any CPU.Build.0 = Release|Any CPU
		{6D30F949-E6C1-46BD-B7CC-5D494D483055}.Debug|Any CPU.ActiveCfg = Debug|Any CPU
		{6D30F949-E6C1-46BD-B7CC-5D494D483055}.Debug|Any CPU.Build.0 = Debug|Any CPU
		{6D30F949-E6C1-46BD-B7CC-5D494D483055}.Release|Any CPU.ActiveCfg = Release|Any CPU
		{6D30F949-E6C1-46BD-B7CC-5D494D483055}.Release|Any CPU.Build.0 = Release|Any CPU
		{EF597DDD-1AB7-458F-8991-BA8E623E8AF0}.Debug|Any CPU.ActiveCfg = Debug|Any CPU
		{EF597DDD-1AB7-458F-8991-BA8E623E8AF0}.Debug|Any CPU.Build.0 = Debug|Any CPU
		{EF597DDD-1AB7-458F-8991-BA8E623E8AF0}.Release|Any CPU.ActiveCfg = Release|Any CPU
		{EF597DDD-1AB7-458F-8991-BA8E623E8AF0}.Release|Any CPU.Build.0 = Release|Any CPU
		{F46D49EF-B1E6-E977-08AD-33C409F65F07}.Debug|Any CPU.ActiveCfg = Debug|Any CPU
		{F46D49EF-B1E6-E977-08AD-33C409F65F07}.Debug|Any CPU.Build.0 = Debug|Any CPU
		{F46D49EF-B1E6-E977-08AD-33C409F65F07}.Release|Any CPU.ActiveCfg = Release|Any CPU
		{F46D49EF-B1E6-E977-08AD-33C409F65F07}.Release|Any CPU.Build.0 = Release|Any CPU
	EndGlobalSection
	GlobalSection(SolutionProperties) = preSolution
		HideSolutionNode = FALSE
	EndGlobalSection
	GlobalSection(ExtensibilityGlobals) = postSolution
		SolutionGuid = {21368CA2-6AC2-4BC0-808E-7B28C3B54246}
	EndGlobalSection
EndGlobal
